
Microsoft Visual Studio Solution File, Format Version 12.00
# Visual Studio 15
VisualStudioVersion = 15.0.27428.2005
MinimumVisualStudioVersion = 10.0.40219.1
Project("{FAE04EC0-301F-11D3-BF4B-00C04F79EFBC}") = "Business", "Business\Business.csproj", "{DA8FA1D7-068A-4837-9F5F-C9D71E582D23}"
EndProject
Project("{FAE04EC0-301F-11D3-BF4B-00C04F79EFBC}") = "DataAccess", "..\Data Access\Data Access\DataAccess.csproj", "{B47A7AA9-BCB1-40D6-8740-0F2781BF03F3}"
EndProject
Project("{FAE04EC0-301F-11D3-BF4B-00C04F79EFBC}") = "Basica", "..\Data Access\Basica\Basica.csproj", "{1C139A4E-18DD-4FBE-A692-28C8D237FFE4}"
EndProject
Global
	GlobalSection(SolutionConfigurationPlatforms) = preSolution
		Debug|Any CPU = Debug|Any CPU
		Release|Any CPU = Release|Any CPU
	EndGlobalSection
	GlobalSection(ProjectConfigurationPlatforms) = postSolution
		{DA8FA1D7-068A-4837-9F5F-C9D71E582D23}.Debug|Any CPU.ActiveCfg = Debug|Any CPU
		{DA8FA1D7-068A-4837-9F5F-C9D71E582D23}.Debug|Any CPU.Build.0 = Debug|Any CPU
		{DA8FA1D7-068A-4837-9F5F-C9D71E582D23}.Release|Any CPU.ActiveCfg = Release|Any CPU
		{DA8FA1D7-068A-4837-9F5F-C9D71E582D23}.Release|Any CPU.Build.0 = Release|Any CPU
		{B47A7AA9-BCB1-40D6-8740-0F2781BF03F3}.Debug|Any CPU.ActiveCfg = Debug|Any CPU
		{B47A7AA9-BCB1-40D6-8740-0F2781BF03F3}.Debug|Any CPU.Build.0 = Debug|Any CPU
		{B47A7AA9-BCB1-40D6-8740-0F2781BF03F3}.Release|Any CPU.ActiveCfg = Release|Any CPU
		{B47A7AA9-BCB1-40D6-8740-0F2781BF03F3}.Release|Any CPU.Build.0 = Release|Any CPU
		{1C139A4E-18DD-4FBE-A692-28C8D237FFE4}.Debug|Any CPU.ActiveCfg = Debug|Any CPU
		{1C139A4E-18DD-4FBE-A692-28C8D237FFE4}.Debug|Any CPU.Build.0 = Debug|Any CPU
		{1C139A4E-18DD-4FBE-A692-28C8D237FFE4}.Release|Any CPU.ActiveCfg = Release|Any CPU
		{1C139A4E-18DD-4FBE-A692-28C8D237FFE4}.Release|Any CPU.Build.0 = Release|Any CPU
	EndGlobalSection
	GlobalSection(SolutionProperties) = preSolution
		HideSolutionNode = FALSE
	EndGlobalSection
	GlobalSection(ExtensibilityGlobals) = postSolution
		SolutionGuid = {22D3B6F3-60EF-464C-9D01-B6AF276D7FF1}
	EndGlobalSection
EndGlobal
